
Microsoft Visual Studio Solution File, Format Version 12.00
# Visual Studio 15
VisualStudioVersion = 15.0.28307.271
MinimumVisualStudioVersion = 10.0.40219.1
Project("{FAE04EC0-301F-11D3-BF4B-00C04F79EFBC}") = "Teach_Yourself", "Teach_Yourself\Teach_Yourself.csproj", "{EE76D010-02E7-4CD6-979B-1E3CF297B8B5}"
EndProject
Global
	GlobalSection(SolutionConfigurationPlatforms) = preSolution
		Debug|Any CPU = Debug|Any CPU
		Release|Any CPU = Release|Any CPU
	EndGlobalSection
	GlobalSection(ProjectConfigurationPlatforms) = postSolution
		{EE76D010-02E7-4CD6-979B-1E3CF297B8B5}.Debug|Any CPU.ActiveCfg = Debug|Any CPU
		{EE76D010-02E7-4CD6-979B-1E3CF297B8B5}.Debug|Any CPU.Build.0 = Debug|Any CPU
		{EE76D010-02E7-4CD6-979B-1E3CF297B8B5}.Release|Any CPU.ActiveCfg = Release|Any CPU
		{EE76D010-02E7-4CD6-979B-1E3CF297B8B5}.Release|Any CPU.Build.0 = Release|Any CPU
	EndGlobalSection
	GlobalSection(SolutionProperties) = preSolution
		HideSolutionNode = FALSE
	EndGlobalSection
	GlobalSection(ExtensibilityGlobals) = postSolution
		SolutionGuid = {8CA5E3A8-13EE-450E-B533-C5E5F529C77F}
	EndGlobalSection
EndGlobal
